
Microsoft Visual Studio Solution File, Format Version 12.00
# Visual Studio Version 17
VisualStudioVersion = 17.14.36414.22
MinimumVisualStudioVersion = 10.0.40219.1
Project("{FAE04EC0-301F-11D3-BF4B-00C04F79EFBC}") = "LottoTM.Server.Api", "src\server\LottoTM.Server.Api\LottoTM.Server.Api.csproj", "{04840AC2-07B7-4523-B1C4-D10AD1D4F777}"
EndProject
Project("{2150E333-8FDC-42A3-9474-1A3956D46DE8}") = "src", "src", "{02EA681E-C7D8-13C7-8484-4AC65E1B71E8}"
EndProject
Project("{2150E333-8FDC-42A3-9474-1A3956D46DE8}") = "Server", "Server", "{4ACB43A1-D094-4A19-9332-6EBBE9814B82}"
EndProject
Project("{2150E333-8FDC-42A3-9474-1A3956D46DE8}") = "tests", "tests", "{91FCE4E8-0C68-40A1-BFF8-1DDB7DEA33CF}"
EndProject
Project("{2150E333-8FDC-42A3-9474-1A3956D46DE8}") = "Server", "Server", "{4C8F4CA5-F3CC-4FAA-8A55-38F7607FB559}"
EndProject
Project("{FAE04EC0-301F-11D3-BF4B-00C04F79EFBC}") = "LottoTM.Server.Api.Tests", "tests\Server\LottoTM.Server.Api.Tests\LottoTM.Server.Api.Tests.csproj", "{3605FD14-2847-4058-ADA3-EE58B8344072}"
EndProject
Project("{2150E333-8FDC-42A3-9474-1A3956D46DE8}") = "Solution Items", "Solution Items", "{8EC462FD-D22E-90A8-E5CE-7E832BA40C5D}"
	ProjectSection(SolutionItems) = preProject
		.github\workflows\pull-request.yml = .github\workflows\pull-request.yml
	EndProjectSection
EndProject
Global
	GlobalSection(SolutionConfigurationPlatforms) = preSolution
		Debug|Any CPU = Debug|Any CPU
		Release|Any CPU = Release|Any CPU
	EndGlobalSection
	GlobalSection(ProjectConfigurationPlatforms) = postSolution
		{04840AC2-07B7-4523-B1C4-D10AD1D4F777}.Debug|Any CPU.ActiveCfg = Debug|Any CPU
		{04840AC2-07B7-4523-B1C4-D10AD1D4F777}.Debug|Any CPU.Build.0 = Debug|Any CPU
		{04840AC2-07B7-4523-B1C4-D10AD1D4F777}.Release|Any CPU.ActiveCfg = Release|Any CPU
		{04840AC2-07B7-4523-B1C4-D10AD1D4F777}.Release|Any CPU.Build.0 = Release|Any CPU
		{3605FD14-2847-4058-ADA3-EE58B8344072}.Debug|Any CPU.ActiveCfg = Debug|Any CPU
		{3605FD14-2847-4058-ADA3-EE58B8344072}.Debug|Any CPU.Build.0 = Debug|Any CPU
		{3605FD14-2847-4058-ADA3-EE58B8344072}.Release|Any CPU.ActiveCfg = Release|Any CPU
		{3605FD14-2847-4058-ADA3-EE58B8344072}.Release|Any CPU.Build.0 = Release|Any CPU
	EndGlobalSection
	GlobalSection(SolutionProperties) = preSolution
		HideSolutionNode = FALSE
	EndGlobalSection
	GlobalSection(NestedProjects) = preSolution
		{04840AC2-07B7-4523-B1C4-D10AD1D4F777} = {4ACB43A1-D094-4A19-9332-6EBBE9814B82}
		{4ACB43A1-D094-4A19-9332-6EBBE9814B82} = {02EA681E-C7D8-13C7-8484-4AC65E1B71E8}
		{4C8F4CA5-F3CC-4FAA-8A55-38F7607FB559} = {91FCE4E8-0C68-40A1-BFF8-1DDB7DEA33CF}
		{3605FD14-2847-4058-ADA3-EE58B8344072} = {4C8F4CA5-F3CC-4FAA-8A55-38F7607FB559}
	EndGlobalSection
	GlobalSection(ExtensibilityGlobals) = postSolution
		SolutionGuid = {10263CE7-8BBC-4C84-AC19-6F322EA20D31}
	EndGlobalSection
EndGlobal
